
Microsoft Visual Studio Solution File, Format Version 12.00
# Visual Studio Version 16
VisualStudioVersion = 16.0.29102.190
MinimumVisualStudioVersion = 15.0.26124.0
Project("{9A19103F-16F7-4668-BE54-9A1E7A4F7556}") = "ReaderMonad", "src\ReaderMonad.csproj", "{8AA21CA3-E04C-42CF-884B-DC4C198C60BE}"
EndProject
Project("{9A19103F-16F7-4668-BE54-9A1E7A4F7556}") = "Tests", "tests\Tests.csproj", "{5B2AFC29-7583-4BDB-B75B-BB2025D05E5A}"
EndProject
Project("{2150E333-8FDC-42A3-9474-1A3956D46DE8}") = "Solution Items", "Solution Items", "{03710D80-2527-4B3B-B4AF-EE720417FF89}"
	ProjectSection(SolutionItems) = preProject
		.editorconfig = .editorconfig
		appveyor.yml = appveyor.yml
		build.cmd = build.cmd
		build.sh = build.sh
		COPYING.txt = COPYING.txt
		global.json = global.json
		pack.cmd = pack.cmd
		pack.sh = pack.sh
		README.md = README.md
		test.cmd = test.cmd
		test.sh = test.sh
	EndProjectSection
EndProject
Global
	GlobalSection(SolutionConfigurationPlatforms) = preSolution
		Debug|Any CPU = Debug|Any CPU
		Debug|x64 = Debug|x64
		Debug|x86 = Debug|x86
		Release|Any CPU = Release|Any CPU
		Release|x64 = Release|x64
		Release|x86 = Release|x86
	EndGlobalSection
	GlobalSection(ProjectConfigurationPlatforms) = postSolution
		{8AA21CA3-E04C-42CF-884B-DC4C198C60BE}.Debug|Any CPU.ActiveCfg = Debug|Any CPU
		{8AA21CA3-E04C-42CF-884B-DC4C198C60BE}.Debug|Any CPU.Build.0 = Debug|Any CPU
		{8AA21CA3-E04C-42CF-884B-DC4C198C60BE}.Debug|x64.ActiveCfg = Debug|Any CPU
		{8AA21CA3-E04C-42CF-884B-DC4C198C60BE}.Debug|x64.Build.0 = Debug|Any CPU
		{8AA21CA3-E04C-42CF-884B-DC4C198C60BE}.Debug|x86.ActiveCfg = Debug|Any CPU
		{8AA21CA3-E04C-42CF-884B-DC4C198C60BE}.Debug|x86.Build.0 = Debug|Any CPU
		{8AA21CA3-E04C-42CF-884B-DC4C198C60BE}.Release|Any CPU.ActiveCfg = Release|Any CPU
		{8AA21CA3-E04C-42CF-884B-DC4C198C60BE}.Release|Any CPU.Build.0 = Release|Any CPU
		{8AA21CA3-E04C-42CF-884B-DC4C198C60BE}.Release|x64.ActiveCfg = Release|Any CPU
		{8AA21CA3-E04C-42CF-884B-DC4C198C60BE}.Release|x64.Build.0 = Release|Any CPU
		{8AA21CA3-E04C-42CF-884B-DC4C198C60BE}.Release|x86.ActiveCfg = Release|Any CPU
		{8AA21CA3-E04C-42CF-884B-DC4C198C60BE}.Release|x86.Build.0 = Release|Any CPU
		{5B2AFC29-7583-4BDB-B75B-BB2025D05E5A}.Debug|Any CPU.ActiveCfg = Debug|Any CPU
		{5B2AFC29-7583-4BDB-B75B-BB2025D05E5A}.Debug|Any CPU.Build.0 = Debug|Any CPU
		{5B2AFC29-7583-4BDB-B75B-BB2025D05E5A}.Debug|x64.ActiveCfg = Debug|Any CPU
		{5B2AFC29-7583-4BDB-B75B-BB2025D05E5A}.Debug|x64.Build.0 = Debug|Any CPU
		{5B2AFC29-7583-4BDB-B75B-BB2025D05E5A}.Debug|x86.ActiveCfg = Debug|Any CPU
		{5B2AFC29-7583-4BDB-B75B-BB2025D05E5A}.Debug|x86.Build.0 = Debug|Any CPU
		{5B2AFC29-7583-4BDB-B75B-BB2025D05E5A}.Release|Any CPU.ActiveCfg = Release|Any CPU
		{5B2AFC29-7583-4BDB-B75B-BB2025D05E5A}.Release|Any CPU.Build.0 = Release|Any CPU
		{5B2AFC29-7583-4BDB-B75B-BB2025D05E5A}.Release|x64.ActiveCfg = Release|Any CPU
		{5B2AFC29-7583-4BDB-B75B-BB2025D05E5A}.Release|x64.Build.0 = Release|Any CPU
		{5B2AFC29-7583-4BDB-B75B-BB2025D05E5A}.Release|x86.ActiveCfg = Release|Any CPU
		{5B2AFC29-7583-4BDB-B75B-BB2025D05E5A}.Release|x86.Build.0 = Release|Any CPU
	EndGlobalSection
	GlobalSection(SolutionProperties) = preSolution
		HideSolutionNode = FALSE
	EndGlobalSection
	GlobalSection(ExtensibilityGlobals) = postSolution
		SolutionGuid = {3DEC2F7E-8BC9-4EE3-B41D-368E1C21CE76}
	EndGlobalSection
EndGlobal
